{
  "lockfile_version": "1",
  "packages": {
    "github:NixOS/nixpkgs/nixpkgs-unstable": {
      "last_modified": "2026-02-27T06:27:13Z",
      "resolved": "github:NixOS/nixpkgs/c0f3d81a7ddbc2b1332be0d8481a672b4f6004d6?lastModified=1772173633&narHash=sha256-MOH58F4AIbCkh6qlQcwMycyk5SWvsqnS%2FTCfnqDlpj4%3D"
    },
    "ruby@latest": {
      "last_modified": "2026-02-23T15:40:43Z",
      "plugin_version": "0.0.2",
      "resolved": "github:NixOS/nixpkgs/80d901ec0377e19ac3f7bb8c035201e2e098cc97#ruby_4_0",
      "source": "devbox-search",
      "version": "4.0.1",
      "systems": {
        "aarch64-darwin": {
          "outputs": [
            {
              "name": "out",
              "path": "/nix/store/9g64hd12h7595635pxifl86a7bn0nihs-ruby-4.0.1",
              "default": true
            },
            {
              "name": "devdoc",
              "path": "/nix/store/q3fn21065a4yykmd6mfixax196zy6wrk-ruby-4.0.1-devdoc"
            }
          ],
          "store_path": "/nix/store/9g64hd12h7595635pxifl86a7bn0nihs-ruby-4.0.1"
        },
        "aarch64-linux": {
          "outputs": [
            {
              "name": "out",
              "path": "/nix/store/7k34n5f1zrxk8hdc2ssbggrpy6q143py-ruby-4.0.1",
              "default": true
            },
            {
              "name": "devdoc",
              "path": "/nix/store/r7h02c82kkgwgl499g1igbh8lxy8gvqs-ruby-4.0.1-devdoc"
            }
          ],
          "store_path": "/nix/store/7k34n5f1zrxk8hdc2ssbggrpy6q143py-ruby-4.0.1"
        },
        "x86_64-darwin": {
          "outputs": [
            {
              "name": "out",
              "path": "/nix/store/fnsfka0h6nrbghndc0i4x6zs3hmvigjq-ruby-4.0.1",
              "default": true
            },
            {
              "name": "devdoc",
              "path": "/nix/store/whaaq5cr2wwdj8qshqqj10lhd9ykz046-ruby-4.0.1-devdoc"
            }
          ],
          "store_path": "/nix/store/fnsfka0h6nrbghndc0i4x6zs3hmvigjq-ruby-4.0.1"
        },
        "x86_64-linux": {
          "outputs": [
            {
              "name": "out",
              "path": "/nix/store/c3srisw5dc6b210h0s99cpn0piwcnw9s-ruby-4.0.1",
              "default": true
            },
            {
              "name": "devdoc",
              "path": "/nix/store/j1zy0bshvqxivi7rf10p0y8bsyx9jz72-ruby-4.0.1-devdoc"
            }
          ],
          "store_path": "/nix/store/c3srisw5dc6b210h0s99cpn0piwcnw9s-ruby-4.0.1"
        }
      }
    }
  }
}
